
Microsoft Visual Studio Solution File, Format Version 12.00
# Visual Studio 2013
VisualStudioVersion = 12.0.40629.0
MinimumVisualStudioVersion = 10.0.40219.1
Project("{FAE04EC0-301F-11D3-BF4B-00C04F79EFBC}") = "COMP123-S2016-Ckawakam-300821245-Assignment2", "COMP123-S2016-Ckawakam-300821245-Assignment2\COMP123-S2016-Ckawakam-300821245-Assignment2.csproj", "{683A2DA6-1942-41CD-ABE0-C6FA18208351}"
EndProject
Project("{FAE04EC0-301F-11D3-BF4B-00C04F79EFBC}") = "UnitTestForMethod", "UnitTestForMethod\UnitTestForMethod.csproj", "{9F04F177-FC1A-48BE-83B7-1BF16126FF6E}"
EndProject
Global
	GlobalSection(SolutionConfigurationPlatforms) = preSolution
		Debug|Any CPU = Debug|Any CPU
		Release|Any CPU = Release|Any CPU
	EndGlobalSection
	GlobalSection(ProjectConfigurationPlatforms) = postSolution
		{683A2DA6-1942-41CD-ABE0-C6FA18208351}.Debug|Any CPU.ActiveCfg = Debug|Any CPU
		{683A2DA6-1942-41CD-ABE0-C6FA18208351}.Debug|Any CPU.Build.0 = Debug|Any CPU
		{683A2DA6-1942-41CD-ABE0-C6FA18208351}.Release|Any CPU.ActiveCfg = Release|Any CPU
		{683A2DA6-1942-41CD-ABE0-C6FA18208351}.Release|Any CPU.Build.0 = Release|Any CPU
		{9F04F177-FC1A-48BE-83B7-1BF16126FF6E}.Debug|Any CPU.ActiveCfg = Debug|Any CPU
		{9F04F177-FC1A-48BE-83B7-1BF16126FF6E}.Debug|Any CPU.Build.0 = Debug|Any CPU
		{9F04F177-FC1A-48BE-83B7-1BF16126FF6E}.Release|Any CPU.ActiveCfg = Release|Any CPU
		{9F04F177-FC1A-48BE-83B7-1BF16126FF6E}.Release|Any CPU.Build.0 = Release|Any CPU
	EndGlobalSection
	GlobalSection(SolutionProperties) = preSolution
		HideSolutionNode = FALSE
	EndGlobalSection
EndGlobal
